// !$*UTF8*$!
{
	archiveVersion = 1;
	classes = {
	};
	objectVersion = 46;
	objects = {

/* Begin PBXBuildFile section */
		5785674914BEA77B0053B89E /* UIKit.framework in Frameworks */ = {isa = PBXBuildFile; fileRef = 5785674814BEA77B0053B89E /* UIKit.framework */; };
		5785674B14BEA77B0053B89E /* Foundation.framework in Frameworks */ = {isa = PBXBuildFile; fileRef = 5785674A14BEA77B0053B89E /* Foundation.framework */; };
		5785674D14BEA77B0053B89E /* CoreGraphics.framework in Frameworks */ = {isa = PBXBuildFile; fileRef = 5785674C14BEA77B0053B89E /* CoreGraphics.framework */; };
		5785675314BEA77B0053B89E /* InfoPlist.strings in Resources */ = {isa = PBXBuildFile; fileRef = 5785675114BEA77B0053B89E /* InfoPlist.strings */; };
		5785675514BEA77B0053B89E /* main.m in Sources */ = {isa = PBXBuildFile; fileRef = 5785675414BEA77B0053B89E /* main.m */; };
		5785675914BEA77B0053B89E /* ATSAppDelegate.m in Sources */ = {isa = PBXBuildFile; fileRef = 5785675814BEA77B0053B89E /* ATSAppDelegate.m */; };
		5785675C14BEA77B0053B89E /* MainStoryboard.storyboard in Resources */ = {isa = PBXBuildFile; fileRef = 5785675A14BEA77B0053B89E /* MainStoryboard.storyboard */; };
		5785675F14BEA77B0053B89E /* ATSViewController.m in Sources */ = {isa = PBXBuildFile; fileRef = 5785675E14BEA77B0053B89E /* ATSViewController.m */; };
		5785676714BEA77B0053B89E /* SenTestingKit.framework in Frameworks */ = {isa = PBXBuildFile; fileRef = 5785676614BEA77B0053B89E /* SenTestingKit.framework */; };
		5785676814BEA77B0053B89E /* UIKit.framework in Frameworks */ = {isa = PBXBuildFile; fileRef = 5785674814BEA77B0053B89E /* UIKit.framework */; };
		5785676914BEA77B0053B89E /* Foundation.framework in Frameworks */ = {isa = PBXBuildFile; fileRef = 5785674A14BEA77B0053B89E /* Foundation.framework */; };
		5785677114BEA77B0053B89E /* InfoPlist.strings in Resources */ = {isa = PBXBuildFile; fileRef = 5785676F14BEA77B0053B89E /* InfoPlist.strings */; };
		5785677414BEA77B0053B89E /* ATS_MobileTests.m in Sources */ = {isa = PBXBuildFile; fileRef = 5785677314BEA77B0053B89E /* ATS_MobileTests.m */; };
/* End PBXBuildFile section */

/* Begin PBXContainerItemProxy section */
		5785676A14BEA77B0053B89E /* PBXContainerItemProxy */ = {
			isa = PBXContainerItemProxy;
			containerPortal = 5785673B14BEA77B0053B89E /* Project object */;
			proxyType = 1;
			remoteGlobalIDString = 5785674314BEA77B0053B89E;
			remoteInfo = ATS_Mobile;
		};
/* End PBXContainerItemProxy section */

/* Begin PBXFileReference section */
		5785674414BEA77B0053B89E /* ATS_Mobile.app */ = {isa = PBXFileReference; explicitFileType = wrapper.application; includeInIndex = 0; path = ATS_Mobile.app; sourceTree = BUILT_PRODUCTS_DIR; };
		5785674814BEA77B0053B89E /* UIKit.framework */ = {isa = PBXFileReference; lastKnownFileType = wrapper.framework; name = UIKit.framework; path = System/Library/Frameworks/UIKit.framework; sourceTree = SDKROOT; };
		5785674A14BEA77B0053B89E /* Foundation.framework */ = {isa = PBXFileReference; lastKnownFileType = wrapper.framework; name = Foundation.framework; path = System/Library/Frameworks/Foundation.framework; sourceTree = SDKROOT; };
		5785674C14BEA77B0053B89E /* CoreGraphics.framework */ = {isa = PBXFileReference; lastKnownFileType = wrapper.framework; name = CoreGraphics.framework; path = System/Library/Frameworks/CoreGraphics.framework; sourceTree = SDKROOT; };
		5785675014BEA77B0053B89E /* ATS_Mobile-Info.plist */ = {isa = PBXFileReference; lastKnownFileType = text.plist.xml; path = "ATS_Mobile-Info.plist"; sourceTree = "<group>"; };
		5785675214BEA77B0053B89E /* en */ = {isa = PBXFileReference; lastKnownFileType = text.plist.strings; name = en; path = en.lproj/InfoPlist.strings; sourceTree = "<group>"; };
		5785675414BEA77B0053B89E /* main.m */ = {isa = PBXFileReference; lastKnownFileType = sourcecode.c.objc; path = main.m; sourceTree = "<group>"; };
		5785675614BEA77B0053B89E /* ATS_Mobile-Prefix.pch */ = {isa = PBXFileReference; lastKnownFileType = sourcecode.c.h; path = "ATS_Mobile-Prefix.pch"; sourceTree = "<group>"; };
		5785675714BEA77B0053B89E /* ATSAppDelegate.h */ = {isa = PBXFileReference; lastKnownFileType = sourcecode.c.h; path = ATSAppDelegate.h; sourceTree = "<group>"; };
		5785675814BEA77B0053B89E /* ATSAppDelegate.m */ = {isa = PBXFileReference; lastKnownFileType = sourcecode.c.objc; path = ATSAppDelegate.m; sourceTree = "<group>"; };
		5785675B14BEA77B0053B89E /* en */ = {isa = PBXFileReference; lastKnownFileType = file.storyboard; name = en; path = en.lproj/MainStoryboard.storyboard; sourceTree = "<group>"; };
		5785675D14BEA77B0053B89E /* ATSViewController.h */ = {isa = PBXFileReference; lastKnownFileType = sourcecode.c.h; path = ATSViewController.h; sourceTree = "<group>"; };
		5785675E14BEA77B0053B89E /* ATSViewController.m */ = {isa = PBXFileReference; lastKnownFileType = sourcecode.c.objc; path = ATSViewController.m; sourceTree = "<group>"; };
		5785676514BEA77B0053B89E /* ATS_MobileTests.octest */ = {isa = PBXFileReference; explicitFileType = wrapper.cfbundle; includeInIndex = 0; path = ATS_MobileTests.octest; sourceTree = BUILT_PRODUCTS_DIR; };
		5785676614BEA77B0053B89E /* SenTestingKit.framework */ = {isa = PBXFileReference; lastKnownFileType = wrapper.framework; name = SenTestingKit.framework; path = Library/Frameworks/SenTestingKit.framework; sourceTree = DEVELOPER_DIR; };
		5785676E14BEA77B0053B89E /* ATS_MobileTests-Info.plist */ = {isa = PBXFileReference; lastKnownFileType = text.plist.xml; path = "ATS_MobileTests-Info.plist"; sourceTree = "<group>"; };
		5785677014BEA77B0053B89E /* en */ = {isa = PBXFileReference; lastKnownFileType = text.plist.strings; name = en; path = en.lproj/InfoPlist.strings; sourceTree = "<group>"; };
		5785677214BEA77B0053B89E /* ATS_MobileTests.h */ = {isa = PBXFileReference; lastKnownFileType = sourcecode.c.h; path = ATS_MobileTests.h; sourceTree = "<group>"; };
		5785677314BEA77B0053B89E /* ATS_MobileTests.m */ = {isa = PBXFileReference; lastKnownFileType = sourcecode.c.objc; path = ATS_MobileTests.m; sourceTree = "<group>"; };
/* End PBXFileReference section */

/* Begin PBXFrameworksBuildPhase section */
		5785674114BEA77B0053B89E /* Frameworks */ = {
			isa = PBXFrameworksBuildPhase;
			buildActionMask = 2147483647;
			files = (
				5785674914BEA77B0053B89E /* UIKit.framework in Frameworks */,
				5785674B14BEA77B0053B89E /* Foundation.framework in Frameworks */,
				5785674D14BEA77B0053B89E /* CoreGraphics.framework in Frameworks */,
			);
			runOnlyForDeploymentPostprocessing = 0;
		};
		5785676114BEA77B0053B89E /* Frameworks */ = {
			isa = PBXFrameworksBuildPhase;
			buildActionMask = 2147483647;
			files = (
				5785676714BEA77B0053B89E /* SenTestingKit.framework in Frameworks */,
				5785676814BEA77B0053B89E /* UIKit.framework in Frameworks */,
				5785676914BEA77B0053B89E /* Foundation.framework in Frameworks */,
			);
			runOnlyForDeploymentPostprocessing = 0;
		};
/* End PBXFrameworksBuildPhase section */

/* Begin PBXGroup section */
		5785673914BEA77B0053B89E = {
			isa = PBXGroup;
			children = (
				5785674E14BEA77B0053B89E /* ATS_Mobile */,
				5785676C14BEA77B0053B89E /* ATS_MobileTests */,
				5785674714BEA77B0053B89E /* Frameworks */,
				5785674514BEA77B0053B89E /* Products */,
			);
			sourceTree = "<group>";
		};
		5785674514BEA77B0053B89E /* Products */ = {
			isa = PBXGroup;
			children = (
				5785674414BEA77B0053B89E /* ATS_Mobile.app */,
				5785676514BEA77B0053B89E /* ATS_MobileTests.octest */,
			);
			name = Products;
			sourceTree = "<group>";
		};
		5785674714BEA77B0053B89E /* Frameworks */ = {
			isa = PBXGroup;
			children = (
				5785674814BEA77B0053B89E /* UIKit.framework */,
				5785674A14BEA77B0053B89E /* Foundation.framework */,
				5785674C14BEA77B0053B89E /* CoreGraphics.framework */,
				5785676614BEA77B0053B89E /* SenTestingKit.framework */,
			);
			name = Frameworks;
			sourceTree = "<group>";
		};
		5785674E14BEA77B0053B89E /* ATS_Mobile */ = {
			isa = PBXGroup;
			children = (
				5785675714BEA77B0053B89E /* ATSAppDelegate.h */,
				5785675814BEA77B0053B89E /* ATSAppDelegate.m */,
				5785675A14BEA77B0053B89E /* MainStoryboard.storyboard */,
				5785675D14BEA77B0053B89E /* ATSViewController.h */,
				5785675E14BEA77B0053B89E /* ATSViewController.m */,
				5785674F14BEA77B0053B89E /* Supporting Files */,
			);
			path = ATS_Mobile;
			sourceTree = "<group>";
		};
		5785674F14BEA77B0053B89E /* Supporting Files */ = {
			isa = PBXGroup;
			children = (
				5785675014BEA77B0053B89E /* ATS_Mobile-Info.plist */,
				5785675114BEA77B0053B89E /* InfoPlist.strings */,
				5785675414BEA77B0053B89E /* main.m */,
				5785675614BEA77B0053B89E /* ATS_Mobile-Prefix.pch */,
			);
			name = "Supporting Files";
			sourceTree = "<group>";
		};
		5785676C14BEA77B0053B89E /* ATS_MobileTests */ = {
			isa = PBXGroup;
			children = (
				5785677214BEA77B0053B89E /* ATS_MobileTests.h */,
				5785677314BEA77B0053B89E /* ATS_MobileTests.m */,
				5785676D14BEA77B0053B89E /* Supporting Files */,
			);
			path = ATS_MobileTests;
			sourceTree = "<group>";
		};
		5785676D14BEA77B0053B89E /* Supporting Files */ = {
			isa = PBXGroup;
			children = (
				5785676E14BEA77B0053B89E /* ATS_MobileTests-Info.plist */,
				5785676F14BEA77B0053B89E /* InfoPlist.strings */,
			);
			name = "Supporting Files";
			sourceTree = "<group>";
		};
/* End PBXGroup section */

/* Begin PBXNativeTarget section */
		5785674314BEA77B0053B89E /* ATS_Mobile */ = {
			isa = PBXNativeTarget;
			buildConfigurationList = 5785677714BEA77B0053B89E /* Build configuration list for PBXNativeTarget "ATS_Mobile" */;
			buildPhases = (
				5785674014BEA77B0053B89E /* Sources */,
				5785674114BEA77B0053B89E /* Frameworks */,
				5785674214BEA77B0053B89E /* Resources */,
			);
			buildRules = (
			);
			dependencies = (
			);
			name = ATS_Mobile;
			productName = ATS_Mobile;
			productReference = 5785674414BEA77B0053B89E /* ATS_Mobile.app */;
			productType = "com.apple.product-type.application";
		};
		5785676414BEA77B0053B89E /* ATS_MobileTests */ = {
			isa = PBXNativeTarget;
			buildConfigurationList = 5785677A14BEA77B0053B89E /* Build configuration list for PBXNativeTarget "ATS_MobileTests" */;
			buildPhases = (
				5785676014BEA77B0053B89E /* Sources */,
				5785676114BEA77B0053B89E /* Frameworks */,
				5785676214BEA77B0053B89E /* Resources */,
				5785676314BEA77B0053B89E /* ShellScript */,
			);
			buildRules = (
			);
			dependencies = (
				5785676B14BEA77B0053B89E /* PBXTargetDependency */,
			);
			name = ATS_MobileTests;
			productName = ATS_MobileTests;
			productReference = 5785676514BEA77B0053B89E /* ATS_MobileTests.octest */;
			productType = "com.apple.product-type.bundle";
		};
/* End PBXNativeTarget section */

/* Begin PBXProject section */
		5785673B14BEA77B0053B89E /* Project object */ = {
			isa = PBXProject;
			attributes = {
				LastUpgradeCheck = 0420;
			};
			buildConfigurationList = 5785673E14BEA77B0053B89E /* Build configuration list for PBXProject "ATS_Mobile" */;
			compatibilityVersion = "Xcode 3.2";
			developmentRegion = English;
			hasScannedForEncodings = 0;
			knownRegions = (
				en,
			);
			mainGroup = 5785673914BEA77B0053B89E;
			productRefGroup = 5785674514BEA77B0053B89E /* Products */;
			projectDirPath = "";
			projectRoot = "";
			targets = (
				5785674314BEA77B0053B89E /* ATS_Mobile */,
				5785676414BEA77B0053B89E /* ATS_MobileTests */,
			);
		};
/* End PBXProject section */

/* Begin PBXResourcesBuildPhase section */
		5785674214BEA77B0053B89E /* Resources */ = {
			isa = PBXResourcesBuildPhase;
			buildActionMask = 2147483647;
			files = (
				5785675314BEA77B0053B89E /* InfoPlist.strings in Resources */,
				5785675C14BEA77B0053B89E /* MainStoryboard.storyboard in Resources */,
			);
			runOnlyForDeploymentPostprocessing = 0;
		};
		5785676214BEA77B0053B89E /* Resources */ = {
			isa = PBXResourcesBuildPhase;
			buildActionMask = 2147483647;
			files = (
				5785677114BEA77B0053B89E /* InfoPlist.strings in Resources */,
			);
			runOnlyForDeploymentPostprocessing = 0;
		};
/* End PBXResourcesBuildPhase section */

/* Begin PBXShellScriptBuildPhase section */
		5785676314BEA77B0053B89E /* ShellScript */ = {
			isa = PBXShellScriptBuildPhase;
			buildActionMask = 2147483647;
			files = (
			);
			inputPaths = (
			);
			outputPaths = (
			);
			runOnlyForDeploymentPostprocessing = 0;
			shellPath = /bin/sh;
			shellScript = "# Run the unit tests in this test bundle.\n\"${SYSTEM_DEVELOPER_DIR}/Tools/RunUnitTests\"\n";
		};
/* End PBXShellScriptBuildPhase section */

/* Begin PBXSourcesBuildPhase section */
		5785674014BEA77B0053B89E /* Sources */ = {
			isa = PBXSourcesBuildPhase;
			buildActionMask = 2147483647;
			files = (
				5785675514BEA77B0053B89E /* main.m in Sources */,
				5785675914BEA77B0053B89E /* ATSAppDelegate.m in Sources */,
				5785675F14BEA77B0053B89E /* ATSViewController.m in Sources */,
			);
			runOnlyForDeploymentPostprocessing = 0;
		};
		5785676014BEA77B0053B89E /* Sources */ = {
			isa = PBXSourcesBuildPhase;
			buildActionMask = 2147483647;
			files = (
				5785677414BEA77B0053B89E /* ATS_MobileTests.m in Sources */,
			);
			runOnlyForDeploymentPostprocessing = 0;
		};
/* End PBXSourcesBuildPhase section */

/* Begin PBXTargetDependency section */
		5785676B14BEA77B0053B89E /* PBXTargetDependency */ = {
			isa = PBXTargetDependency;
			target = 5785674314BEA77B0053B89E /* ATS_Mobile */;
			targetProxy = 5785676A14BEA77B0053B89E /* PBXContainerItemProxy */;
		};
/* End PBXTargetDependency section */

/* Begin PBXVariantGroup section */
		5785675114BEA77B0053B89E /* InfoPlist.strings */ = {
			isa = PBXVariantGroup;
			children = (
				5785675214BEA77B0053B89E /* en */,
			);
			name = InfoPlist.strings;
			sourceTree = "<group>";
		};
		5785675A14BEA77B0053B89E /* MainStoryboard.storyboard */ = {
			isa = PBXVariantGroup;
			children = (
				5785675B14BEA77B0053B89E /* en */,
			);
			name = MainStoryboard.storyboard;
			sourceTree = "<group>";
		};
		5785676F14BEA77B0053B89E /* InfoPlist.strings */ = {
			isa = PBXVariantGroup;
			children = (
				5785677014BEA77B0053B89E /* en */,
			);
			name = InfoPlist.strings;
			sourceTree = "<group>";
		};
/* End PBXVariantGroup section */

/* Begin XCBuildConfiguration section */
		5785677514BEA77B0053B89E /* Debug */ = {
			isa = XCBuildConfiguration;
			buildSettings = {
				ALWAYS_SEARCH_USER_PATHS = NO;
				ARCHS = "$(ARCHS_STANDARD_32_BIT)";
				CLANG_ENABLE_OBJC_ARC = YES;
				"CODE_SIGN_IDENTITY[sdk=iphoneos*]" = "iPhone Developer";
				COPY_PHASE_STRIP = NO;
				GCC_C_LANGUAGE_STANDARD = gnu99;
				GCC_DYNAMIC_NO_PIC = NO;
				GCC_OPTIMIZATION_LEVEL = 0;
				GCC_PREPROCESSOR_DEFINITIONS = (
					"DEBUG=1",
					"$(inherited)",
				);
				GCC_SYMBOLS_PRIVATE_EXTERN = NO;
				GCC_VERSION = com.apple.compilers.llvm.clang.1_0;
				GCC_WARN_ABOUT_MISSING_PROTOTYPES = YES;
				GCC_WARN_ABOUT_RETURN_TYPE = YES;
				GCC_WARN_UNUSED_VARIABLE = YES;
				IPHONEOS_DEPLOYMENT_TARGET = 5.0;
				SDKROOT = iphoneos;
			};
			name = Debug;
		};
		5785677614BEA77B0053B89E /* Release */ = {
			isa = XCBuildConfiguration;
			buildSettings = {
				ALWAYS_SEARCH_USER_PATHS = NO;
				ARCHS = "$(ARCHS_STANDARD_32_BIT)";
				CLANG_ENABLE_OBJC_ARC = YES;
				"CODE_SIGN_IDENTITY[sdk=iphoneos*]" = "iPhone Developer";
				COPY_PHASE_STRIP = YES;
				GCC_C_LANGUAGE_STANDARD = gnu99;
				GCC_VERSION = com.apple.compilers.llvm.clang.1_0;
				GCC_WARN_ABOUT_MISSING_PROTOTYPES = YES;
				GCC_WARN_ABOUT_RETURN_TYPE = YES;
				GCC_WARN_UNUSED_VARIABLE = YES;
				IPHONEOS_DEPLOYMENT_TARGET = 5.0;
				OTHER_CFLAGS = "-DNS_BLOCK_ASSERTIONS=1";
				SDKROOT = iphoneos;
				VALIDATE_PRODUCT = YES;
			};
			name = Release;
		};
		5785677814BEA77B0053B89E /* Debug */ = {
			isa = XCBuildConfiguration;
			buildSettings = {
				GCC_PRECOMPILE_PREFIX_HEADER = YES;
				GCC_PREFIX_HEADER = "ATS_Mobile/ATS_Mobile-Prefix.pch";
				INFOPLIST_FILE = "ATS_Mobile/ATS_Mobile-Info.plist";
				PRODUCT_NAME = "$(TARGET_NAME)";
				WRAPPER_EXTENSION = app;
			};
			name = Debug;
		};
		5785677914BEA77B0053B89E /* Release */ = {
			isa = XCBuildConfiguration;
			buildSettings = {
				GCC_PRECOMPILE_PREFIX_HEADER = YES;
				GCC_PREFIX_HEADER = "ATS_Mobile/ATS_Mobile-Prefix.pch";
				INFOPLIST_FILE = "ATS_Mobile/ATS_Mobile-Info.plist";
				PRODUCT_NAME = "$(TARGET_NAME)";
				WRAPPER_EXTENSION = app;
			};
			name = Release;
		};
		5785677B14BEA77B0053B89E /* Debug */ = {
			isa = XCBuildConfiguration;
			buildSettings = {
				BUNDLE_LOADER = "$(BUILT_PRODUCTS_DIR)/ATS_Mobile.app/ATS_Mobile";
				FRAMEWORK_SEARCH_PATHS = (
					"$(SDKROOT)/Developer/Library/Frameworks",
					"$(DEVELOPER_LIBRARY_DIR)/Frameworks",
				);
				GCC_PRECOMPILE_PREFIX_HEADER = YES;
				GCC_PREFIX_HEADER = "ATS_Mobile/ATS_Mobile-Prefix.pch";
				INFOPLIST_FILE = "ATS_MobileTests/ATS_MobileTests-Info.plist";
				PRODUCT_NAME = "$(TARGET_NAME)";
				TEST_HOST = "$(BUNDLE_LOADER)";
				WRAPPER_EXTENSION = octest;
			};
			name = Debug;
		};
		5785677C14BEA77B0053B89E /* Release */ = {
			isa = XCBuildConfiguration;
			buildSettings = {
				BUNDLE_LOADER = "$(BUILT_PRODUCTS_DIR)/ATS_Mobile.app/ATS_Mobile";
				FRAMEWORK_SEARCH_PATHS = (
					"$(SDKROOT)/Developer/Library/Frameworks",
					"$(DEVELOPER_LIBRARY_DIR)/Frameworks",
				);
				GCC_PRECOMPILE_PREFIX_HEADER = YES;
				GCC_PREFIX_HEADER = "ATS_Mobile/ATS_Mobile-Prefix.pch";
				INFOPLIST_FILE = "ATS_MobileTests/ATS_MobileTests-Info.plist";
				PRODUCT_NAME = "$(TARGET_NAME)";
				TEST_HOST = "$(BUNDLE_LOADER)";
				WRAPPER_EXTENSION = octest;
			};
			name = Release;
		};
/* End XCBuildConfiguration section */

/* Begin XCConfigurationList section */
		5785673E14BEA77B0053B89E /* Build configuration list for PBXProject "ATS_Mobile" */ = {
			isa = XCConfigurationList;
			buildConfigurations = (
				5785677514BEA77B0053B89E /* Debug */,
				5785677614BEA77B0053B89E /* Release */,
			);
			defaultConfigurationIsVisible = 0;
			defaultConfigurationName = Release;
		};
		5785677714BEA77B0053B89E /* Build configuration list for PBXNativeTarget "ATS_Mobile" */ = {
			isa = XCConfigurationList;
			buildConfigurations = (
				5785677814BEA77B0053B89E /* Debug */,
				5785677914BEA77B0053B89E /* Release */,
			);
			defaultConfigurationIsVisible = 0;
		};
		5785677A14BEA77B0053B89E /* Build configuration list for PBXNativeTarget "ATS_MobileTests" */ = {
			isa = XCConfigurationList;
			buildConfigurations = (
				5785677B14BEA77B0053B89E /* Debug */,
				5785677C14BEA77B0053B89E /* Release */,
			);
			defaultConfigurationIsVisible = 0;
		};
/* End XCConfigurationList section */
	};
	rootObject = 5785673B14BEA77B0053B89E /* Project object */;
}
